
Microsoft Visual Studio Solution File, Format Version 12.00
# Visual Studio Version 17
VisualStudioVersion = 17.8.34322.80
MinimumVisualStudioVersion = 10.0.40219.1
Project("{2150E333-8FDC-42A3-9474-1A3956D46DE8}") = "1 - Service", "1 - Service", "{B78B0CED-77D4-4E76-B110-F4A66F73F10B}"
EndProject
Project("{2150E333-8FDC-42A3-9474-1A3956D46DE8}") = "2 - Application", "2 - Application", "{B1489D23-C8A0-4D42-A58B-BEA2887C259E}"
EndProject
Project("{2150E333-8FDC-42A3-9474-1A3956D46DE8}") = "3 - Domain", "3 - Domain", "{EFE4F99E-0403-4D2E-A4DA-0BE6A36EE2A1}"
EndProject
Project("{2150E333-8FDC-42A3-9474-1A3956D46DE8}") = "4 - Infra", "4 - Infra", "{CFF5C01F-BBB5-42D4-840A-438948A942F7}"
EndProject
Project("{2150E333-8FDC-42A3-9474-1A3956D46DE8}") = "4.1 - Data", "4.1 - Data", "{264E8102-6563-4264-9F8C-4214D893778C}"
EndProject
Project("{2150E333-8FDC-42A3-9474-1A3956D46DE8}") = "4.2 - CrossCutting", "4.2 - CrossCutting", "{D1D2DE93-D59C-4DD9-8639-9D5D0D8B428D}"
EndProject
Project("{FAE04EC0-301F-11D3-BF4B-00C04F79EFBC}") = "App.Infra.CrossCutting.IoC", "Src\App.Infra.CrossCutting.IoC\App.Infra.CrossCutting.IoC.csproj", "{5FB382BA-853F-4806-B024-9F663D51564F}"
EndProject
Project("{FAE04EC0-301F-11D3-BF4B-00C04F79EFBC}") = "App.Infra.CrossCutting.Bus", "Src\App.Infra.CrossCutting.Bus\App.Infra.CrossCutting.Bus.csproj", "{B744072F-81F9-466C-ACFE-CC7A15A93F99}"
EndProject
Project("{FAE04EC0-301F-11D3-BF4B-00C04F79EFBC}") = "App.Infra.Data", "Src\App.Infra.Data\App.Infra.Data.csproj", "{3187772F-8575-4746-89E3-A175FFBD1532}"
EndProject
Project("{FAE04EC0-301F-11D3-BF4B-00C04F79EFBC}") = "App.Domain", "Src\App.Domain\App.Domain.csproj", "{AC47C84A-3F1B-4888-80C8-8B333881F6A1}"
EndProject
Project("{FAE04EC0-301F-11D3-BF4B-00C04F79EFBC}") = "App.Domain.Core", "Src\App.Domain.Core\App.Domain.Core.csproj", "{803FA817-8AF7-4FAA-B1DF-9E8D6377471F}"
EndProject
Project("{FAE04EC0-301F-11D3-BF4B-00C04F79EFBC}") = "App.Application", "Src\App.Application\App.Application.csproj", "{B919FC2E-C907-4268-8137-E8226FCBA549}"
EndProject
Project("{FAE04EC0-301F-11D3-BF4B-00C04F79EFBC}") = "App.Services.Api", "Src\App.Services.Api\App.Services.Api.csproj", "{ECD94BBF-3519-47DF-820D-D39BA1E3FC2F}"
EndProject
Global
	GlobalSection(SolutionConfigurationPlatforms) = preSolution
		Debug|Any CPU = Debug|Any CPU
		Release|Any CPU = Release|Any CPU
	EndGlobalSection
	GlobalSection(ProjectConfigurationPlatforms) = postSolution
		{5FB382BA-853F-4806-B024-9F663D51564F}.Debug|Any CPU.ActiveCfg = Debug|Any CPU
		{5FB382BA-853F-4806-B024-9F663D51564F}.Debug|Any CPU.Build.0 = Debug|Any CPU
		{5FB382BA-853F-4806-B024-9F663D51564F}.Release|Any CPU.ActiveCfg = Release|Any CPU
		{5FB382BA-853F-4806-B024-9F663D51564F}.Release|Any CPU.Build.0 = Release|Any CPU
		{B744072F-81F9-466C-ACFE-CC7A15A93F99}.Debug|Any CPU.ActiveCfg = Debug|Any CPU
		{B744072F-81F9-466C-ACFE-CC7A15A93F99}.Debug|Any CPU.Build.0 = Debug|Any CPU
		{B744072F-81F9-466C-ACFE-CC7A15A93F99}.Release|Any CPU.ActiveCfg = Release|Any CPU
		{B744072F-81F9-466C-ACFE-CC7A15A93F99}.Release|Any CPU.Build.0 = Release|Any CPU
		{3187772F-8575-4746-89E3-A175FFBD1532}.Debug|Any CPU.ActiveCfg = Debug|Any CPU
		{3187772F-8575-4746-89E3-A175FFBD1532}.Debug|Any CPU.Build.0 = Debug|Any CPU
		{3187772F-8575-4746-89E3-A175FFBD1532}.Release|Any CPU.ActiveCfg = Release|Any CPU
		{3187772F-8575-4746-89E3-A175FFBD1532}.Release|Any CPU.Build.0 = Release|Any CPU
		{AC47C84A-3F1B-4888-80C8-8B333881F6A1}.Debug|Any CPU.ActiveCfg = Debug|Any CPU
		{AC47C84A-3F1B-4888-80C8-8B333881F6A1}.Debug|Any CPU.Build.0 = Debug|Any CPU
		{AC47C84A-3F1B-4888-80C8-8B333881F6A1}.Release|Any CPU.ActiveCfg = Release|Any CPU
		{AC47C84A-3F1B-4888-80C8-8B333881F6A1}.Release|Any CPU.Build.0 = Release|Any CPU
		{803FA817-8AF7-4FAA-B1DF-9E8D6377471F}.Debug|Any CPU.ActiveCfg = Debug|Any CPU
		{803FA817-8AF7-4FAA-B1DF-9E8D6377471F}.Debug|Any CPU.Build.0 = Debug|Any CPU
		{803FA817-8AF7-4FAA-B1DF-9E8D6377471F}.Release|Any CPU.ActiveCfg = Release|Any CPU
		{803FA817-8AF7-4FAA-B1DF-9E8D6377471F}.Release|Any CPU.Build.0 = Release|Any CPU
		{B919FC2E-C907-4268-8137-E8226FCBA549}.Debug|Any CPU.ActiveCfg = Debug|Any CPU
		{B919FC2E-C907-4268-8137-E8226FCBA549}.Debug|Any CPU.Build.0 = Debug|Any CPU
		{B919FC2E-C907-4268-8137-E8226FCBA549}.Release|Any CPU.ActiveCfg = Release|Any CPU
		{B919FC2E-C907-4268-8137-E8226FCBA549}.Release|Any CPU.Build.0 = Release|Any CPU
		{ECD94BBF-3519-47DF-820D-D39BA1E3FC2F}.Debug|Any CPU.ActiveCfg = Debug|Any CPU
		{ECD94BBF-3519-47DF-820D-D39BA1E3FC2F}.Debug|Any CPU.Build.0 = Debug|Any CPU
		{ECD94BBF-3519-47DF-820D-D39BA1E3FC2F}.Release|Any CPU.ActiveCfg = Release|Any CPU
		{ECD94BBF-3519-47DF-820D-D39BA1E3FC2F}.Release|Any CPU.Build.0 = Release|Any CPU
	EndGlobalSection
	GlobalSection(SolutionProperties) = preSolution
		HideSolutionNode = FALSE
	EndGlobalSection
	GlobalSection(NestedProjects) = preSolution
		{264E8102-6563-4264-9F8C-4214D893778C} = {CFF5C01F-BBB5-42D4-840A-438948A942F7}
		{D1D2DE93-D59C-4DD9-8639-9D5D0D8B428D} = {CFF5C01F-BBB5-42D4-840A-438948A942F7}
		{5FB382BA-853F-4806-B024-9F663D51564F} = {D1D2DE93-D59C-4DD9-8639-9D5D0D8B428D}
		{B744072F-81F9-466C-ACFE-CC7A15A93F99} = {D1D2DE93-D59C-4DD9-8639-9D5D0D8B428D}
		{3187772F-8575-4746-89E3-A175FFBD1532} = {264E8102-6563-4264-9F8C-4214D893778C}
		{AC47C84A-3F1B-4888-80C8-8B333881F6A1} = {EFE4F99E-0403-4D2E-A4DA-0BE6A36EE2A1}
		{803FA817-8AF7-4FAA-B1DF-9E8D6377471F} = {EFE4F99E-0403-4D2E-A4DA-0BE6A36EE2A1}
		{B919FC2E-C907-4268-8137-E8226FCBA549} = {B1489D23-C8A0-4D42-A58B-BEA2887C259E}
		{ECD94BBF-3519-47DF-820D-D39BA1E3FC2F} = {B78B0CED-77D4-4E76-B110-F4A66F73F10B}
	EndGlobalSection
	GlobalSection(ExtensibilityGlobals) = postSolution
		SolutionGuid = {9589A5B3-13FE-4733-8B4F-2BF111A2815D}
	EndGlobalSection
EndGlobal
